
Microsoft Visual Studio Solution File, Format Version 11.00
# Visual C++ Express 2010
Project("{8BC9CEB8-8B4A-11D0-8D11-00A0C91BC942}") = "suijaku", "suijaku.vcxproj", "{E8CF58B6-FC40-4678-AEBD-7A7DD8AB8DB7}"
EndProject
Global
	GlobalSection(SolutionConfigurationPlatforms) = preSolution
		Debug|Win32 = Debug|Win32
		Release|Win32 = Release|Win32
	EndGlobalSection
	GlobalSection(ProjectConfigurationPlatforms) = postSolution
		{E8CF58B6-FC40-4678-AEBD-7A7DD8AB8DB7}.Debug|Win32.ActiveCfg = Debug|Win32
		{E8CF58B6-FC40-4678-AEBD-7A7DD8AB8DB7}.Debug|Win32.Build.0 = Debug|Win32
		{E8CF58B6-FC40-4678-AEBD-7A7DD8AB8DB7}.Release|Win32.ActiveCfg = Release|Win32
		{E8CF58B6-FC40-4678-AEBD-7A7DD8AB8DB7}.Release|Win32.Build.0 = Release|Win32
	EndGlobalSection
	GlobalSection(SolutionProperties) = preSolution
		HideSolutionNode = FALSE
	EndGlobalSection
EndGlobal
